<?xml version="1.0"?>
<Project ToolsVersion="4.0" xmlns="http://schemas.microsoft.com/developer/msbuild/2003">
	<ItemGroup>
		<ClCompile Include="src\ofApp.cpp">
			<Filter>src</Filter>
		</ClCompile>
		<ClCompile Include="src\main.cpp">
			<Filter>src</Filter>
		</ClCompile>
		<ClCompile Include="src\app\AppController.cpp">
			<Filter>src\app</Filter>
		</ClCompile>
		<ClCompile Include="src\app\main.cpp">
			<Filter>src\app</Filter>
		</ClCompile>
		<ClCompile Include="src\core\calib\CalibrationProfile.cpp">
			<Filter>src\core\calib</Filter>
		</ClCompile>
		<ClCompile Include="src\core\calib\SensorMapper.cpp">
			<Filter>src\core\calib</Filter>
		</ClCompile>
		<ClCompile Include="src\core\math\BilinearInverse.cpp">
			<Filter>src\core\math</Filter>
		</ClCompile>
		<ClCompile Include="src\core\math\Homography.cpp">
			<Filter>src\core\math</Filter>
		</ClCompile>
		<ClCompile Include="src\core\math\LinearSolver.cpp">
			<Filter>src\core\math</Filter>
		</ClCompile>
		<ClCompile Include="src\core\math\Mat3.cpp">
			<Filter>src\core\math</Filter>
		</ClCompile>
		<ClCompile Include="src\core\model\BlendMode.cpp">
			<Filter>src\core\model</Filter>
		</ClCompile>
		<ClCompile Include="src\core\model\Composition.cpp">
			<Filter>src\core\model</Filter>
		</ClCompile>
		<ClCompile Include="src\core\model\Deck.cpp">
			<Filter>src\core\model</Filter>
		</ClCompile>
		<ClCompile Include="src\core\model\ProjectIO.cpp">
			<Filter>src\core\model</Filter>
		</ClCompile>
		<ClCompile Include="src\core\model\Screen.cpp">
			<Filter>src\core\model</Filter>
		</ClCompile>
		<ClCompile Include="src\core\model\Slice.cpp">
			<Filter>src\core\model</Filter>
		</ClCompile>
		<ClCompile Include="src\core\model\Transform2D.cpp">
			<Filter>src\core\model</Filter>
		</ClCompile>
		<ClCompile Include="src\core\model\Transport.cpp">
			<Filter>src\core\model</Filter>
		</ClCompile>
		<ClCompile Include="src\core\model\TriggerZone.cpp">
			<Filter>src\core\model</Filter>
		</ClCompile>
		<ClCompile Include="src\core\model\WarpCornerPin.cpp">
			<Filter>src\core\model</Filter>
		</ClCompile>
		<ClCompile Include="src\core\model\WarpMesh.cpp">
			<Filter>src\core\model</Filter>
		</ClCompile>
		<ClCompile Include="src\core\util\Json.cpp">
			<Filter>src\core\util</Filter>
		</ClCompile>
		<ClCompile Include="src\io\proto\OscMessage.cpp">
			<Filter>src\io\proto</Filter>
		</ClCompile>
		<ClCompile Include="src\io\sources\MockSource.cpp">
			<Filter>src\io\sources</Filter>
		</ClCompile>
		<ClCompile Include="src\io\sources\OscSource.cpp">
			<Filter>src\io\sources</Filter>
		</ClCompile>
		<ClCompile Include="src\render\MediaCache.cpp">
			<Filter>src\render</Filter>
		</ClCompile>
		<ClCompile Include="src\render\RenderEngine.cpp">
			<Filter>src\render</Filter>
		</ClCompile>
		<ClCompile Include="src\ui\ControlPanel.cpp">
			<Filter>src\ui</Filter>
		</ClCompile>
		<ClCompile Include="..\openFrameworks\addons\ofxHapPlayer\src\ofxHapPlayer.cpp">
			<Filter>addons\ofxHapPlayer\src</Filter>
		</ClCompile>
		<ClCompile Include="..\openFrameworks\addons\ofxHapPlayer\libs\hap\src\hap.c">
			<Filter>addons\ofxHapPlayer\libs\hap\src</Filter>
		</ClCompile>
		<ClCompile Include="..\openFrameworks\addons\ofxHapPlayer\libs\ofxHap\src\AudioDecoder.cpp">
			<Filter>addons\ofxHapPlayer\libs\ofxHap\src</Filter>
		</ClCompile>
		<ClCompile Include="..\openFrameworks\addons\ofxHapPlayer\libs\ofxHap\src\AudioParameters.cpp">
			<Filter>addons\ofxHapPlayer\libs\ofxHap\src</Filter>
		</ClCompile>
		<ClCompile Include="..\openFrameworks\addons\ofxHapPlayer\libs\ofxHap\src\AudioResampler.cpp">
			<Filter>addons\ofxHapPlayer\libs\ofxHap\src</Filter>
		</ClCompile>
		<ClCompile Include="..\openFrameworks\addons\ofxHapPlayer\libs\ofxHap\src\AudioThread.cpp">
			<Filter>addons\ofxHapPlayer\libs\ofxHap\src</Filter>
		</ClCompile>
		<ClCompile Include="..\openFrameworks\addons\ofxHapPlayer\libs\ofxHap\src\Clock.cpp">
			<Filter>addons\ofxHapPlayer\libs\ofxHap\src</Filter>
		</ClCompile>
		<ClCompile Include="..\openFrameworks\addons\ofxHapPlayer\libs\ofxHap\src\Demuxer.cpp">
			<Filter>addons\ofxHapPlayer\libs\ofxHap\src</Filter>
		</ClCompile>
		<ClCompile Include="..\openFrameworks\addons\ofxHapPlayer\libs\ofxHap\src\MovieTime.cpp">
			<Filter>addons\ofxHapPlayer\libs\ofxHap\src</Filter>
		</ClCompile>
		<ClCompile Include="..\openFrameworks\addons\ofxHapPlayer\libs\ofxHap\src\PacketCache.cpp">
			<Filter>addons\ofxHapPlayer\libs\ofxHap\src</Filter>
		</ClCompile>
		<ClCompile Include="..\openFrameworks\addons\ofxHapPlayer\libs\ofxHap\src\RingBuffer.cpp">
			<Filter>addons\ofxHapPlayer\libs\ofxHap\src</Filter>
		</ClCompile>
		<ClCompile Include="..\openFrameworks\addons\ofxHapPlayer\libs\ofxHap\src\TimeRangeSet.cpp">
			<Filter>addons\ofxHapPlayer\libs\ofxHap\src</Filter>
		</ClCompile>
		<ClCompile Include="..\openFrameworks\addons\ofxImGui\src\BaseEngine.cpp">
			<Filter>addons\ofxImGui\src</Filter>
		</ClCompile>
		<ClCompile Include="..\openFrameworks\addons\ofxImGui\src\DefaultTheme.cpp">
			<Filter>addons\ofxImGui\src</Filter>
		</ClCompile>
		<ClCompile Include="..\openFrameworks\addons\ofxImGui\src\EngineGLFW.cpp">
			<Filter>addons\ofxImGui\src</Filter>
		</ClCompile>
		<ClCompile Include="..\openFrameworks\addons\ofxImGui\src\EngineOpenFrameworks.cpp">
			<Filter>addons\ofxImGui\src</Filter>
		</ClCompile>
		<ClCompile Include="..\openFrameworks\addons\ofxImGui\src\EngineOpenGLES.cpp">
			<Filter>addons\ofxImGui\src</Filter>
		</ClCompile>
		<ClCompile Include="..\openFrameworks\addons\ofxImGui\src\Gui.cpp">
			<Filter>addons\ofxImGui\src</Filter>
		</ClCompile>
		<ClCompile Include="..\openFrameworks\addons\ofxImGui\src\GuiEventHelper.cpp">
			<Filter>addons\ofxImGui\src</Filter>
		</ClCompile>
		<ClCompile Include="..\openFrameworks\addons\ofxImGui\src\ImHelpers.cpp">
			<Filter>addons\ofxImGui\src</Filter>
		</ClCompile>
		<ClCompile Include="..\openFrameworks\addons\ofxImGui\src\ofxImGuiLoggerChannel.cpp">
			<Filter>addons\ofxImGui\src</Filter>
		</ClCompile>
		<ClCompile Include="..\openFrameworks\addons\ofxImGui\libs\imgui\backends\imgui_impl_glfw.cpp">
			<Filter>addons\ofxImGui\libs\imgui\backends</Filter>
		</ClCompile>
		<ClCompile Include="..\openFrameworks\addons\ofxImGui\libs\imgui\backends\imgui_impl_glfw_context_support.cpp">
			<Filter>addons\ofxImGui\libs\imgui\backends</Filter>
		</ClCompile>
		<ClCompile Include="..\openFrameworks\addons\ofxImGui\libs\imgui\backends\imgui_impl_opengl2.cpp">
			<Filter>addons\ofxImGui\libs\imgui\backends</Filter>
		</ClCompile>
		<ClCompile Include="..\openFrameworks\addons\ofxImGui\libs\imgui\backends\imgui_impl_opengl3.cpp">
			<Filter>addons\ofxImGui\libs\imgui\backends</Filter>
		</ClCompile>
		<ClCompile Include="..\openFrameworks\addons\ofxImGui\libs\imgui\extras\imgui_stdlib.cpp">
			<Filter>addons\ofxImGui\libs\imgui\extras</Filter>
		</ClCompile>
		<ClCompile Include="..\openFrameworks\addons\ofxImGui\libs\imgui\src\imgui.cpp">
			<Filter>addons\ofxImGui\libs\imgui\src</Filter>
		</ClCompile>
		<ClCompile Include="..\openFrameworks\addons\ofxImGui\libs\imgui\src\imgui_demo.cpp">
			<Filter>addons\ofxImGui\libs\imgui\src</Filter>
		</ClCompile>
		<ClCompile Include="..\openFrameworks\addons\ofxImGui\libs\imgui\src\imgui_draw.cpp">
			<Filter>addons\ofxImGui\libs\imgui\src</Filter>
		</ClCompile>
		<ClCompile Include="..\openFrameworks\addons\ofxImGui\libs\imgui\src\imgui_tables.cpp">
			<Filter>addons\ofxImGui\libs\imgui\src</Filter>
		</ClCompile>
		<ClCompile Include="..\openFrameworks\addons\ofxImGui\libs\imgui\src\imgui_widgets.cpp">
			<Filter>addons\ofxImGui\libs\imgui\src</Filter>
		</ClCompile>
	</ItemGroup>
	<ItemGroup>
		<Filter Include="src">
			<UniqueIdentifier>{d8376475-7454-4a24-b08a-aac121d3ad6f}</UniqueIdentifier>
		</Filter>
		<Filter Include="src\app">
			<UniqueIdentifier>{79B8D7B8--BEF-5-48-6A-8-3D7-774919EC27B6}</UniqueIdentifier>
		</Filter>
		<Filter Include="src\core">
			<UniqueIdentifier>{096A0B32--F04-7-4C-60-B-39D-E398859198F3}</UniqueIdentifier>
		</Filter>
		<Filter Include="src\core\calib">
			<UniqueIdentifier>{AE90E1F3--511-3-46-25-9-179-FB1EDA473215}</UniqueIdentifier>
		</Filter>
		<Filter Include="src\core\math">
			<UniqueIdentifier>{AAEA8F63--F3B-F-40-4C-8-83D-7029D19AE50F}</UniqueIdentifier>
		</Filter>
		<Filter Include="src\core\model">
			<UniqueIdentifier>{74E41573--99E-1-4C-85-8-0DF-C6C3CF3F21A3}</UniqueIdentifier>
		</Filter>
		<Filter Include="src\core\util">
			<UniqueIdentifier>{483EE539--32A-4-47-72-8-73E-178DDC7B5DE5}</UniqueIdentifier>
		</Filter>
		<Filter Include="src\io">
			<UniqueIdentifier>{C4506CBA--82D-6-44-A9-9-BED-C90E370DFB77}</UniqueIdentifier>
		</Filter>
		<Filter Include="src\io\proto">
			<UniqueIdentifier>{0F0FB48F--E00-6-4E-E8-9-06A-54413AD9CCE8}</UniqueIdentifier>
		</Filter>
		<Filter Include="src\io\sources">
			<UniqueIdentifier>{A11B0ECB--DF2-6-4D-60-9-833-B62AAF0DA2C7}</UniqueIdentifier>
		</Filter>
		<Filter Include="src\render">
			<UniqueIdentifier>{1CF6CC4D--F42-9-40-00-B-6F4-25E13707EAAB}</UniqueIdentifier>
		</Filter>
		<Filter Include="src\ui">
			<UniqueIdentifier>{CC5E2914--459-3-42-5D-8-5E8-172280A798DC}</UniqueIdentifier>
		</Filter>
		<Filter Include="addons">
			<UniqueIdentifier>{B0D1AA6B--1D5-2-4D-7F-B-F0E-518572B29F3A}</UniqueIdentifier>
		</Filter>
		<Filter Include="addons\ofxHapPlayer">
			<UniqueIdentifier>{E3663875--F97-A-4E-88-B-6C0-841021DC49ED}</UniqueIdentifier>
		</Filter>
		<Filter Include="addons\ofxHapPlayer\src">
			<UniqueIdentifier>{2BA85CD8--DB2-9-45-58-9-8E5-663B490B3E27}</UniqueIdentifier>
		</Filter>
		<Filter Include="addons\ofxHapPlayer\libs">
			<UniqueIdentifier>{B85852C2--28C-0-46-96-A-23A-4158966812A7}</UniqueIdentifier>
		</Filter>
		<Filter Include="addons\ofxHapPlayer\libs\hap">
			<UniqueIdentifier>{7B8DBFC9--140-A-43-4D-8-9BD-350B72736474}</UniqueIdentifier>
		</Filter>
		<Filter Include="addons\ofxHapPlayer\libs\hap\src">
			<UniqueIdentifier>{81134A7F--09E-2-41-BD-8-486-295E85763EF4}</UniqueIdentifier>
		</Filter>
		<Filter Include="addons\ofxHapPlayer\libs\ofxHap">
			<UniqueIdentifier>{39564659--6F4-B-4E-6B-8-FB8-1FAB84667861}</UniqueIdentifier>
		</Filter>
		<Filter Include="addons\ofxHapPlayer\libs\ofxHap\include">
			<UniqueIdentifier>{B8C6B4E6--AC2-1-43-F7-A-E82-EE191A591DA7}</UniqueIdentifier>
		</Filter>
		<Filter Include="addons\ofxHapPlayer\libs\ofxHap\include\ofxHap">
			<UniqueIdentifier>{BB4DB08E--664-5-46-15-B-D0F-E5C7A72662B6}</UniqueIdentifier>
		</Filter>
		<Filter Include="addons\ofxHapPlayer\libs\ofxHap\src">
			<UniqueIdentifier>{1A26A1B9--BDB-9-4A-06-9-C61-C59A61B0EA10}</UniqueIdentifier>
		</Filter>
		<Filter Include="addons\ofxImGui">
			<UniqueIdentifier>{E4D90033--2E6-7-4D-FD-9-012-3695AF2FA186}</UniqueIdentifier>
		</Filter>
		<Filter Include="addons\ofxImGui\src">
			<UniqueIdentifier>{ED64BFB8--49A-F-42-C9-8-CAC-3037EC19F46B}</UniqueIdentifier>
		</Filter>
		<Filter Include="addons\ofxImGui\libs">
			<UniqueIdentifier>{3C866B22--050-2-4A-32-8-34A-CD854113DFB8}</UniqueIdentifier>
		</Filter>
		<Filter Include="addons\ofxImGui\libs\imgui">
			<UniqueIdentifier>{D4DEF07D--404-A-49-30-B-A8C-82CC4F71C769}</UniqueIdentifier>
		</Filter>
		<Filter Include="addons\ofxImGui\libs\imgui\backends">
			<UniqueIdentifier>{8296EE0F--B78-6-42-40-B-CA1-F82D2EAD6A1A}</UniqueIdentifier>
		</Filter>
		<Filter Include="addons\ofxImGui\libs\imgui\extras">
			<UniqueIdentifier>{4BC1BBEB--20F-9-4F-52-8-DBF-272F26685F70}</UniqueIdentifier>
		</Filter>
		<Filter Include="addons\ofxImGui\libs\imgui\src">
			<UniqueIdentifier>{121C6E7A--493-7-48-EA-B-A63-7E66B196852C}</UniqueIdentifier>
		</Filter>
	</ItemGroup>
	<ItemGroup>
		<ClInclude Include="src\ofApp.h">
			<Filter>src</Filter>
		</ClInclude>
		<ClInclude Include="src\app\AppController.h">
			<Filter>src\app</Filter>
		</ClInclude>
		<ClInclude Include="src\core\calib\CalibrationProfile.h">
			<Filter>src\core\calib</Filter>
		</ClInclude>
		<ClInclude Include="src\core\calib\SensorMapper.h">
			<Filter>src\core\calib</Filter>
		</ClInclude>
		<ClInclude Include="src\core\math\BilinearInverse.h">
			<Filter>src\core\math</Filter>
		</ClInclude>
		<ClInclude Include="src\core\math\Homography.h">
			<Filter>src\core\math</Filter>
		</ClInclude>
		<ClInclude Include="src\core\math\LinearSolver.h">
			<Filter>src\core\math</Filter>
		</ClInclude>
		<ClInclude Include="src\core\math\Mat3.h">
			<Filter>src\core\math</Filter>
		</ClInclude>
		<ClInclude Include="src\core\math\Vec2.h">
			<Filter>src\core\math</Filter>
		</ClInclude>
		<ClInclude Include="src\core\model\BlendMode.h">
			<Filter>src\core\model</Filter>
		</ClInclude>
		<ClInclude Include="src\core\model\Clip.h">
			<Filter>src\core\model</Filter>
		</ClInclude>
		<ClInclude Include="src\core\model\Composition.h">
			<Filter>src\core\model</Filter>
		</ClInclude>
		<ClInclude Include="src\core\model\Deck.h">
			<Filter>src\core\model</Filter>
		</ClInclude>
		<ClInclude Include="src\core\model\IWarp.h">
			<Filter>src\core\model</Filter>
		</ClInclude>
		<ClInclude Include="src\core\model\Layer.h">
			<Filter>src\core\model</Filter>
		</ClInclude>
		<ClInclude Include="src\core\model\ProjectIO.h">
			<Filter>src\core\model</Filter>
		</ClInclude>
		<ClInclude Include="src\core\model\Screen.h">
			<Filter>src\core\model</Filter>
		</ClInclude>
		<ClInclude Include="src\core\model\Slice.h">
			<Filter>src\core\model</Filter>
		</ClInclude>
		<ClInclude Include="src\core\model\Transform2D.h">
			<Filter>src\core\model</Filter>
		</ClInclude>
		<ClInclude Include="src\core\model\Transport.h">
			<Filter>src\core\model</Filter>
		</ClInclude>
		<ClInclude Include="src\core\model\TriggerZone.h">
			<Filter>src\core\model</Filter>
		</ClInclude>
		<ClInclude Include="src\core\model\WarpCornerPin.h">
			<Filter>src\core\model</Filter>
		</ClInclude>
		<ClInclude Include="src\core\model\WarpMesh.h">
			<Filter>src\core\model</Filter>
		</ClInclude>
		<ClInclude Include="src\core\util\Clock.h">
			<Filter>src\core\util</Filter>
		</ClInclude>
		<ClInclude Include="src\core\util\Json.h">
			<Filter>src\core\util</Filter>
		</ClInclude>
		<ClInclude Include="src\io\ISensorSource.h">
			<Filter>src\io</Filter>
		</ClInclude>
		<ClInclude Include="src\io\SensorFrame.h">
			<Filter>src\io</Filter>
		</ClInclude>
		<ClInclude Include="src\io\SpscRingBuffer.h">
			<Filter>src\io</Filter>
		</ClInclude>
		<ClInclude Include="src\io\TripleBuffer.h">
			<Filter>src\io</Filter>
		</ClInclude>
		<ClInclude Include="src\io\proto\OscMessage.h">
			<Filter>src\io\proto</Filter>
		</ClInclude>
		<ClInclude Include="src\io\sources\MockSource.h">
			<Filter>src\io\sources</Filter>
		</ClInclude>
		<ClInclude Include="src\io\sources\OscSource.h">
			<Filter>src\io\sources</Filter>
		</ClInclude>
		<ClInclude Include="src\render\MediaCache.h">
			<Filter>src\render</Filter>
		</ClInclude>
		<ClInclude Include="src\render\RenderEngine.h">
			<Filter>src\render</Filter>
		</ClInclude>
		<ClInclude Include="src\ui\ControlPanel.h">
			<Filter>src\ui</Filter>
		</ClInclude>
		<ClInclude Include="..\openFrameworks\addons\ofxHapPlayer\src\ofxHapPlayer.h">
			<Filter>addons\ofxHapPlayer\src</Filter>
		</ClInclude>
		<ClInclude Include="..\openFrameworks\addons\ofxHapPlayer\libs\hap\src\hap.h">
			<Filter>addons\ofxHapPlayer\libs\hap\src</Filter>
		</ClInclude>
		<ClInclude Include="..\openFrameworks\addons\ofxHapPlayer\libs\ofxHap\include\ofxHap\AudioDecoder.h">
			<Filter>addons\ofxHapPlayer\libs\ofxHap\include\ofxHap</Filter>
		</ClInclude>
		<ClInclude Include="..\openFrameworks\addons\ofxHapPlayer\libs\ofxHap\include\ofxHap\AudioParameters.h">
			<Filter>addons\ofxHapPlayer\libs\ofxHap\include\ofxHap</Filter>
		</ClInclude>
		<ClInclude Include="..\openFrameworks\addons\ofxHapPlayer\libs\ofxHap\include\ofxHap\AudioResampler.h">
			<Filter>addons\ofxHapPlayer\libs\ofxHap\include\ofxHap</Filter>
		</ClInclude>
		<ClInclude Include="..\openFrameworks\addons\ofxHapPlayer\libs\ofxHap\include\ofxHap\AudioThread.h">
			<Filter>addons\ofxHapPlayer\libs\ofxHap\include\ofxHap</Filter>
		</ClInclude>
		<ClInclude Include="..\openFrameworks\addons\ofxHapPlayer\libs\ofxHap\include\ofxHap\Clock.h">
			<Filter>addons\ofxHapPlayer\libs\ofxHap\include\ofxHap</Filter>
		</ClInclude>
		<ClInclude Include="..\openFrameworks\addons\ofxHapPlayer\libs\ofxHap\include\ofxHap\Common.h">
			<Filter>addons\ofxHapPlayer\libs\ofxHap\include\ofxHap</Filter>
		</ClInclude>
		<ClInclude Include="..\openFrameworks\addons\ofxHapPlayer\libs\ofxHap\include\ofxHap\Demuxer.h">
			<Filter>addons\ofxHapPlayer\libs\ofxHap\include\ofxHap</Filter>
		</ClInclude>
		<ClInclude Include="..\openFrameworks\addons\ofxHapPlayer\libs\ofxHap\include\ofxHap\ErrorReceiving.h">
			<Filter>addons\ofxHapPlayer\libs\ofxHap\include\ofxHap</Filter>
		</ClInclude>
		<ClInclude Include="..\openFrameworks\addons\ofxHapPlayer\libs\ofxHap\include\ofxHap\MovieTime.h">
			<Filter>addons\ofxHapPlayer\libs\ofxHap\include\ofxHap</Filter>
		</ClInclude>
		<ClInclude Include="..\openFrameworks\addons\ofxHapPlayer\libs\ofxHap\include\ofxHap\PacketCache.h">
			<Filter>addons\ofxHapPlayer\libs\ofxHap\include\ofxHap</Filter>
		</ClInclude>
		<ClInclude Include="..\openFrameworks\addons\ofxHapPlayer\libs\ofxHap\include\ofxHap\RingBuffer.h">
			<Filter>addons\ofxHapPlayer\libs\ofxHap\include\ofxHap</Filter>
		</ClInclude>
		<ClInclude Include="..\openFrameworks\addons\ofxHapPlayer\libs\ofxHap\include\ofxHap\TimeRangeSet.h">
			<Filter>addons\ofxHapPlayer\libs\ofxHap\include\ofxHap</Filter>
		</ClInclude>
		<ClInclude Include="..\openFrameworks\addons\ofxImGui\src\BaseEngine.h">
			<Filter>addons\ofxImGui\src</Filter>
		</ClInclude>
		<ClInclude Include="..\openFrameworks\addons\ofxImGui\src\BaseTheme.h">
			<Filter>addons\ofxImGui\src</Filter>
		</ClInclude>
		<ClInclude Include="..\openFrameworks\addons\ofxImGui\src\DefaultTheme.h">
			<Filter>addons\ofxImGui\src</Filter>
		</ClInclude>
		<ClInclude Include="..\openFrameworks\addons\ofxImGui\src\EngineGLFW.h">
			<Filter>addons\ofxImGui\src</Filter>
		</ClInclude>
		<ClInclude Include="..\openFrameworks\addons\ofxImGui\src\EngineOpenFrameworks.h">
			<Filter>addons\ofxImGui\src</Filter>
		</ClInclude>
		<ClInclude Include="..\openFrameworks\addons\ofxImGui\src\EngineOpenGLES.h">
			<Filter>addons\ofxImGui\src</Filter>
		</ClInclude>
		<ClInclude Include="..\openFrameworks\addons\ofxImGui\src\EngineVk.h">
			<Filter>addons\ofxImGui\src</Filter>
		</ClInclude>
		<ClInclude Include="..\openFrameworks\addons\ofxImGui\src\gles1CompatibilityHacks.h">
			<Filter>addons\ofxImGui\src</Filter>
		</ClInclude>
		<ClInclude Include="..\openFrameworks\addons\ofxImGui\src\glfwCompatibilityHacks.h">
			<Filter>addons\ofxImGui\src</Filter>
		</ClInclude>
		<ClInclude Include="..\openFrameworks\addons\ofxImGui\src\Gui.h">
			<Filter>addons\ofxImGui\src</Filter>
		</ClInclude>
		<ClInclude Include="..\openFrameworks\addons\ofxImGui\src\GuiEventHelper.h">
			<Filter>addons\ofxImGui\src</Filter>
		</ClInclude>
		<ClInclude Include="..\openFrameworks\addons\ofxImGui\src\imconfig.h">
			<Filter>addons\ofxImGui\src</Filter>
		</ClInclude>
		<ClInclude Include="..\openFrameworks\addons\ofxImGui\src\ImHelpers.h">
			<Filter>addons\ofxImGui\src</Filter>
		</ClInclude>
		<ClInclude Include="..\openFrameworks\addons\ofxImGui\src\LinkedList.hpp">
			<Filter>addons\ofxImGui\src</Filter>
		</ClInclude>
		<ClInclude Include="..\openFrameworks\addons\ofxImGui\src\ofxImGui.h">
			<Filter>addons\ofxImGui\src</Filter>
		</ClInclude>
		<ClInclude Include="..\openFrameworks\addons\ofxImGui\src\ofxImGuiConstants.h">
			<Filter>addons\ofxImGui\src</Filter>
		</ClInclude>
		<ClInclude Include="..\openFrameworks\addons\ofxImGui\src\ofxImGuiLoggerChannel.h">
			<Filter>addons\ofxImGui\src</Filter>
		</ClInclude>
		<ClInclude Include="..\openFrameworks\addons\ofxImGui\libs\imgui\backends\imgui_impl_glfw.h">
			<Filter>addons\ofxImGui\libs\imgui\backends</Filter>
		</ClInclude>
		<ClInclude Include="..\openFrameworks\addons\ofxImGui\libs\imgui\backends\imgui_impl_glfw_arc_support.h">
			<Filter>addons\ofxImGui\libs\imgui\backends</Filter>
		</ClInclude>
		<ClInclude Include="..\openFrameworks\addons\ofxImGui\libs\imgui\backends\imgui_impl_glfw_context_support.h">
			<Filter>addons\ofxImGui\libs\imgui\backends</Filter>
		</ClInclude>
		<ClInclude Include="..\openFrameworks\addons\ofxImGui\libs\imgui\backends\imgui_impl_opengl2.h">
			<Filter>addons\ofxImGui\libs\imgui\backends</Filter>
		</ClInclude>
		<ClInclude Include="..\openFrameworks\addons\ofxImGui\libs\imgui\backends\imgui_impl_opengl3.h">
			<Filter>addons\ofxImGui\libs\imgui\backends</Filter>
		</ClInclude>
		<ClInclude Include="..\openFrameworks\addons\ofxImGui\libs\imgui\backends\imgui_impl_opengl3_loader.h">
			<Filter>addons\ofxImGui\libs\imgui\backends</Filter>
		</ClInclude>
		<ClInclude Include="..\openFrameworks\addons\ofxImGui\libs\imgui\extras\imgui_stdlib.h">
			<Filter>addons\ofxImGui\libs\imgui\extras</Filter>
		</ClInclude>
		<ClInclude Include="..\openFrameworks\addons\ofxImGui\libs\imgui\src\imgui.h">
			<Filter>addons\ofxImGui\libs\imgui\src</Filter>
		</ClInclude>
		<ClInclude Include="..\openFrameworks\addons\ofxImGui\libs\imgui\src\imgui_internal.h">
			<Filter>addons\ofxImGui\libs\imgui\src</Filter>
		</ClInclude>
		<ClInclude Include="..\openFrameworks\addons\ofxImGui\libs\imgui\src\imstb_rectpack.h">
			<Filter>addons\ofxImGui\libs\imgui\src</Filter>
		</ClInclude>
		<ClInclude Include="..\openFrameworks\addons\ofxImGui\libs\imgui\src\imstb_textedit.h">
			<Filter>addons\ofxImGui\libs\imgui\src</Filter>
		</ClInclude>
		<ClInclude Include="..\openFrameworks\addons\ofxImGui\libs\imgui\src\imstb_truetype.h">
			<Filter>addons\ofxImGui\libs\imgui\src</Filter>
		</ClInclude>
	</ItemGroup>
	<ItemGroup>
		<ResourceCompile Include="icon.rc" />
	</ItemGroup>
</Project>
